
Microsoft Visual Studio Solution File, Format Version 12.00
# Visual Studio Version 17
VisualStudioVersion = 17.11.35222.181
MinimumVisualStudioVersion = 10.0.40219.1
Project("{FAE04EC0-301F-11D3-BF4B-00C04F79EFBC}") = "RemoteManager", "RemoteManager\RemoteManager.csproj", "{144AAF89-79A1-4F7C-95FC-D73470EF7ACD}"
EndProject
Global
	GlobalSection(SolutionConfigurationPlatforms) = preSolution
		Debug|Any CPU = Debug|Any CPU
		Release|Any CPU = Release|Any CPU
	EndGlobalSection
	GlobalSection(ProjectConfigurationPlatforms) = postSolution
		{144AAF89-79A1-4F7C-95FC-D73470EF7ACD}.Debug|Any CPU.ActiveCfg = Debug|Any CPU
		{144AAF89-79A1-4F7C-95FC-D73470EF7ACD}.Debug|Any CPU.Build.0 = Debug|Any CPU
		{144AAF89-79A1-4F7C-95FC-D73470EF7ACD}.Release|Any CPU.ActiveCfg = Release|Any CPU
		{144AAF89-79A1-4F7C-95FC-D73470EF7ACD}.Release|Any CPU.Build.0 = Release|Any CPU
	EndGlobalSection
	GlobalSection(SolutionProperties) = preSolution
		HideSolutionNode = FALSE
	EndGlobalSection
	GlobalSection(ExtensibilityGlobals) = postSolution
		SolutionGuid = {ABF41B4F-EA36-4C7A-B08C-6DC2E8331C71}
	EndGlobalSection
EndGlobal
